# THIS IS AN AUTOGENERATED FILE. DO NOT EDIT THIS FILE DIRECTLY.
# yarn lockfile v1


"@types/bluebird@*":
  version "3.5.13"
  resolved "https://registry.yarnpkg.com/@types/bluebird/-/bluebird-3.5.13.tgz#bde93d6d4530d81fd48eddfd13c5097ddedcdf1c"

"@types/express-serve-static-core@*":
  version "4.0.53"
  resolved "https://registry.yarnpkg.com/@types/express-serve-static-core/-/express-serve-static-core-4.0.53.tgz#1723a35d1447f2c55e13c8721eab3448e42f4d82"
  dependencies:
    "@types/node" "*"

"@types/express@^4.0.37":
  version "4.0.37"
  resolved "https://registry.yarnpkg.com/@types/express/-/express-4.0.37.tgz#625ac3765169676e01897ca47011c26375784971"
  dependencies:
    "@types/express-serve-static-core" "*"
    "@types/serve-static" "*"

"@types/lodash@*":
  version "4.14.77"
  resolved "https://registry.yarnpkg.com/@types/lodash/-/lodash-4.14.77.tgz#0bc699413e84d6ed5d927ca30ea0f0a890b42d75"

"@types/mime@*":
  version "2.0.0"
  resolved "https://registry.yarnpkg.com/@types/mime/-/mime-2.0.0.tgz#5a7306e367c539b9f6543499de8dd519fac37a8b"

"@types/node@*":
  version "8.0.32"
  resolved "https://registry.yarnpkg.com/@types/node/-/node-8.0.32.tgz#869a716538b6eec65ab3893f183d557be3cda206"

"@types/sequelize@^4.0.75":
  version "4.0.75"
  resolved "https://registry.yarnpkg.com/@types/sequelize/-/sequelize-4.0.75.tgz#70ecb0459bfa2ceee7c5d1d9b12f9406273b2a99"
  dependencies:
    "@types/bluebird" "*"
    "@types/lodash" "*"
    "@types/validator" "*"

"@types/serve-static@*":
  version "1.7.32"
  resolved "https://registry.yarnpkg.com/@types/serve-static/-/serve-static-1.7.32.tgz#0f6732e4dab0813771dd8fc8fe14940f34728b4c"
  dependencies:
    "@types/express-serve-static-core" "*"
    "@types/mime" "*"

"@types/validator@*":
  version "6.3.0"
  resolved "https://registry.yarnpkg.com/@types/validator/-/validator-6.3.0.tgz#d7454bd67c6a933a9dbe939ae16edbf0f6894e70"

typescript@^2.5.3:
  version "2.5.3"
  resolved "https://registry.yarnpkg.com/typescript/-/typescript-2.5.3.tgz#df3dcdc38f3beb800d4bc322646b04a3f6ca7f0d"
